
Microsoft Visual Studio Solution File, Format Version 12.00
# Visual Studio Version 16
VisualStudioVersion = 16.0.28803.202
MinimumVisualStudioVersion = 10.0.40219.1
Project("{9A19103F-16F7-4668-BE54-9A1E7A4F7556}") = "GetARyder", "GetARyder\GetARyder.csproj", "{D3C8329B-B329-4A09-967D-21C5B890B622}"
EndProject
Project("{2150E333-8FDC-42A3-9474-1A3956D46DE8}") = "Tests", "Tests", "{554C0253-AC6B-4606-BFBD-4B48BBEA1BBE}"
EndProject
Project("{FAE04EC0-301F-11D3-BF4B-00C04F79EFBC}") = "AcceptanceTests", "AcceptanceTests\AcceptanceTests.csproj", "{2D2CA750-3E38-4CDB-92F4-496DF645AF47}"
EndProject
Global
	GlobalSection(SolutionConfigurationPlatforms) = preSolution
		Debug|Any CPU = Debug|Any CPU
		Release|Any CPU = Release|Any CPU
	EndGlobalSection
	GlobalSection(ProjectConfigurationPlatforms) = postSolution
		{D3C8329B-B329-4A09-967D-21C5B890B622}.Debug|Any CPU.ActiveCfg = Debug|Any CPU
		{D3C8329B-B329-4A09-967D-21C5B890B622}.Debug|Any CPU.Build.0 = Debug|Any CPU
		{D3C8329B-B329-4A09-967D-21C5B890B622}.Release|Any CPU.ActiveCfg = Release|Any CPU
		{D3C8329B-B329-4A09-967D-21C5B890B622}.Release|Any CPU.Build.0 = Release|Any CPU
		{2D2CA750-3E38-4CDB-92F4-496DF645AF47}.Debug|Any CPU.ActiveCfg = Debug|Any CPU
		{2D2CA750-3E38-4CDB-92F4-496DF645AF47}.Debug|Any CPU.Build.0 = Debug|Any CPU
		{2D2CA750-3E38-4CDB-92F4-496DF645AF47}.Release|Any CPU.ActiveCfg = Release|Any CPU
		{2D2CA750-3E38-4CDB-92F4-496DF645AF47}.Release|Any CPU.Build.0 = Release|Any CPU
	EndGlobalSection
	GlobalSection(SolutionProperties) = preSolution
		HideSolutionNode = FALSE
	EndGlobalSection
	GlobalSection(NestedProjects) = preSolution
		{2D2CA750-3E38-4CDB-92F4-496DF645AF47} = {554C0253-AC6B-4606-BFBD-4B48BBEA1BBE}
	EndGlobalSection
	GlobalSection(ExtensibilityGlobals) = postSolution
		SolutionGuid = {7D14B733-71C2-4417-B424-97E5D404D069}
	EndGlobalSection
EndGlobal
